
Microsoft Visual Studio Solution File, Format Version 12.00
# Visual Studio Version 16
VisualStudioVersion = 16.0.29911.84
MinimumVisualStudioVersion = 10.0.40219.1
Project("{FAE04EC0-301F-11D3-BF4B-00C04F79EFBC}") = "LojaVirtual", "LojaVirtual\LojaVirtual.csproj", "{D6932A93-0134-41DF-BCF7-DC0BC0274E22}"
EndProject
Global
	GlobalSection(SolutionConfigurationPlatforms) = preSolution
		Debug|Any CPU = Debug|Any CPU
		Release|Any CPU = Release|Any CPU
	EndGlobalSection
	GlobalSection(ProjectConfigurationPlatforms) = postSolution
		{D6932A93-0134-41DF-BCF7-DC0BC0274E22}.Debug|Any CPU.ActiveCfg = Debug|Any CPU
		{D6932A93-0134-41DF-BCF7-DC0BC0274E22}.Debug|Any CPU.Build.0 = Debug|Any CPU
		{D6932A93-0134-41DF-BCF7-DC0BC0274E22}.Release|Any CPU.ActiveCfg = Release|Any CPU
		{D6932A93-0134-41DF-BCF7-DC0BC0274E22}.Release|Any CPU.Build.0 = Release|Any CPU
	EndGlobalSection
	GlobalSection(SolutionProperties) = preSolution
		HideSolutionNode = FALSE
	EndGlobalSection
	GlobalSection(ExtensibilityGlobals) = postSolution
		SolutionGuid = {8CF1DBB7-423D-4F73-8A53-3263118AC37D}
	EndGlobalSection
EndGlobal
